// !$*UTF8*$!
{
	archiveVersion = 1;
	classes = {
	};
	objectVersion = 46;
	objects = {

/* Begin PBXBuildFile section */
		2B03380C21C83D2B00FDB71F /* AppDelegate.swift in Sources */ = {isa = PBXBuildFile; fileRef = 2B03380B21C83D2B00FDB71F /* AppDelegate.swift */; };
		2B03380E21C83D2B00FDB71F /* ViewController.swift in Sources */ = {isa = PBXBuildFile; fileRef = 2B03380D21C83D2B00FDB71F /* ViewController.swift */; };
		2B03381121C83D2B00FDB71F /* Main.storyboard in Resources */ = {isa = PBXBuildFile; fileRef = 2B03380F21C83D2B00FDB71F /* Main.storyboard */; };
		2B03381421C83D2B00FDB71F /* MapTest.xcdatamodeld in Sources */ = {isa = PBXBuildFile; fileRef = 2B03381221C83D2B00FDB71F /* MapTest.xcdatamodeld */; };
		2B03381621C83D2B00FDB71F /* Assets.xcassets in Resources */ = {isa = PBXBuildFile; fileRef = 2B03381521C83D2B00FDB71F /* Assets.xcassets */; };
		2B03381921C83D2B00FDB71F /* LaunchScreen.storyboard in Resources */ = {isa = PBXBuildFile; fileRef = 2B03381721C83D2B00FDB71F /* LaunchScreen.storyboard */; };
		2B03382421C83DC600FDB71F /* PublicArt.json in Resources */ = {isa = PBXBuildFile; fileRef = 2B03382321C83DC600FDB71F /* PublicArt.json */; };
		2B03382621C83F6800FDB71F /* HonoluluLocations.json in Resources */ = {isa = PBXBuildFile; fileRef = 2B03382521C83F6800FDB71F /* HonoluluLocations.json */; };
		2B03382821C83FDC00FDB71F /* Service.swift in Sources */ = {isa = PBXBuildFile; fileRef = 2B03382721C83FDC00FDB71F /* Service.swift */; };
		2B03382A21C8402500FDB71F /* ArtLocation.swift in Sources */ = {isa = PBXBuildFile; fileRef = 2B03382921C8402500FDB71F /* ArtLocation.swift */; };
		2BE28AE821C9527D004466ED /* ArtAnnotation.swift in Sources */ = {isa = PBXBuildFile; fileRef = 2BE28AE721C9527D004466ED /* ArtAnnotation.swift */; };
/* End PBXBuildFile section */

/* Begin PBXFileReference section */
		2B03380821C83D2B00FDB71F /* MapTest.app */ = {isa = PBXFileReference; explicitFileType = wrapper.application; includeInIndex = 0; path = MapTest.app; sourceTree = BUILT_PRODUCTS_DIR; };
		2B03380B21C83D2B00FDB71F /* AppDelegate.swift */ = {isa = PBXFileReference; lastKnownFileType = sourcecode.swift; path = AppDelegate.swift; sourceTree = "<group>"; };
		2B03380D21C83D2B00FDB71F /* ViewController.swift */ = {isa = PBXFileReference; lastKnownFileType = sourcecode.swift; path = ViewController.swift; sourceTree = "<group>"; };
		2B03381021C83D2B00FDB71F /* Base */ = {isa = PBXFileReference; lastKnownFileType = file.storyboard; name = Base; path = Base.lproj/Main.storyboard; sourceTree = "<group>"; };
		2B03381321C83D2B00FDB71F /* MapTest.xcdatamodel */ = {isa = PBXFileReference; lastKnownFileType = wrapper.xcdatamodel; path = MapTest.xcdatamodel; sourceTree = "<group>"; };
		2B03381521C83D2B00FDB71F /* Assets.xcassets */ = {isa = PBXFileReference; lastKnownFileType = folder.assetcatalog; path = Assets.xcassets; sourceTree = "<group>"; };
		2B03381821C83D2B00FDB71F /* Base */ = {isa = PBXFileReference; lastKnownFileType = file.storyboard; name = Base; path = Base.lproj/LaunchScreen.storyboard; sourceTree = "<group>"; };
		2B03381A21C83D2B00FDB71F /* Info.plist */ = {isa = PBXFileReference; lastKnownFileType = text.plist.xml; path = Info.plist; sourceTree = "<group>"; };
		2B03382321C83DC600FDB71F /* PublicArt.json */ = {isa = PBXFileReference; fileEncoding = 4; lastKnownFileType = text.json; path = PublicArt.json; sourceTree = "<group>"; };
		2B03382521C83F6800FDB71F /* HonoluluLocations.json */ = {isa = PBXFileReference; fileEncoding = 4; lastKnownFileType = text.json; path = HonoluluLocations.json; sourceTree = "<group>"; };
		2B03382721C83FDC00FDB71F /* Service.swift */ = {isa = PBXFileReference; fileEncoding = 4; lastKnownFileType = sourcecode.swift; path = Service.swift; sourceTree = "<group>"; };
		2B03382921C8402500FDB71F /* ArtLocation.swift */ = {isa = PBXFileReference; fileEncoding = 4; lastKnownFileType = sourcecode.swift; path = ArtLocation.swift; sourceTree = "<group>"; };
		2BE28AE721C9527D004466ED /* ArtAnnotation.swift */ = {isa = PBXFileReference; fileEncoding = 4; lastKnownFileType = sourcecode.swift; path = ArtAnnotation.swift; sourceTree = "<group>"; };
/* End PBXFileReference section */

/* Begin PBXFrameworksBuildPhase section */
		2B03380521C83D2B00FDB71F /* Frameworks */ = {
			isa = PBXFrameworksBuildPhase;
			buildActionMask = 2147483647;
			files = (
			);
			runOnlyForDeploymentPostprocessing = 0;
		};
/* End PBXFrameworksBuildPhase section */

/* Begin PBXGroup section */
		2B0337FF21C83D2B00FDB71F = {
			isa = PBXGroup;
			children = (
				2B03380A21C83D2B00FDB71F /* MapTest */,
				2B03380921C83D2B00FDB71F /* Products */,
			);
			sourceTree = "<group>";
		};
		2B03380921C83D2B00FDB71F /* Products */ = {
			isa = PBXGroup;
			children = (
				2B03380821C83D2B00FDB71F /* MapTest.app */,
			);
			name = Products;
			sourceTree = "<group>";
		};
		2B03380A21C83D2B00FDB71F /* MapTest */ = {
			isa = PBXGroup;
			children = (
				2B03382021C83D6E00FDB71F /* Resources */,
				2B03380B21C83D2B00FDB71F /* AppDelegate.swift */,
				2B03380D21C83D2B00FDB71F /* ViewController.swift */,
				2B03382721C83FDC00FDB71F /* Service.swift */,
				2BE28AE921C95288004466ED /* Model */,
				2B03380F21C83D2B00FDB71F /* Main.storyboard */,
				2B03381521C83D2B00FDB71F /* Assets.xcassets */,
				2B03381721C83D2B00FDB71F /* LaunchScreen.storyboard */,
				2B03381A21C83D2B00FDB71F /* Info.plist */,
				2B03381221C83D2B00FDB71F /* MapTest.xcdatamodeld */,
			);
			path = MapTest;
			sourceTree = "<group>";
		};
		2B03382021C83D6E00FDB71F /* Resources */ = {
			isa = PBXGroup;
			children = (
				2B03382321C83DC600FDB71F /* PublicArt.json */,
				2B03382521C83F6800FDB71F /* HonoluluLocations.json */,
			);
			name = Resources;
			sourceTree = "<group>";
		};
		2BE28AE921C95288004466ED /* Model */ = {
			isa = PBXGroup;
			children = (
				2B03382921C8402500FDB71F /* ArtLocation.swift */,
				2BE28AE721C9527D004466ED /* ArtAnnotation.swift */,
			);
			name = Model;
			sourceTree = "<group>";
		};
/* End PBXGroup section */

/* Begin PBXNativeTarget section */
		2B03380721C83D2B00FDB71F /* MapTest */ = {
			isa = PBXNativeTarget;
			buildConfigurationList = 2B03381D21C83D2B00FDB71F /* Build configuration list for PBXNativeTarget "MapTest" */;
			buildPhases = (
				2B03380421C83D2B00FDB71F /* Sources */,
				2B03380521C83D2B00FDB71F /* Frameworks */,
				2B03380621C83D2B00FDB71F /* Resources */,
			);
			buildRules = (
			);
			dependencies = (
			);
			name = MapTest;
			productName = MapTest;
			productReference = 2B03380821C83D2B00FDB71F /* MapTest.app */;
			productType = "com.apple.product-type.application";
		};
/* End PBXNativeTarget section */

/* Begin PBXProject section */
		2B03380021C83D2B00FDB71F /* Project object */ = {
			isa = PBXProject;
			attributes = {
				LastSwiftUpdateCheck = 0820;
				LastUpgradeCheck = 0820;
				ORGANIZATIONNAME = "Daniel Monaghan";
				TargetAttributes = {
					2B03380721C83D2B00FDB71F = {
						CreatedOnToolsVersion = 8.2.1;
						ProvisioningStyle = Automatic;
					};
				};
			};
			buildConfigurationList = 2B03380321C83D2B00FDB71F /* Build configuration list for PBXProject "MapTest" */;
			compatibilityVersion = "Xcode 3.2";
			developmentRegion = English;
			hasScannedForEncodings = 0;
			knownRegions = (
				en,
				Base,
			);
			mainGroup = 2B0337FF21C83D2B00FDB71F;
			productRefGroup = 2B03380921C83D2B00FDB71F /* Products */;
			projectDirPath = "";
			projectRoot = "";
			targets = (
				2B03380721C83D2B00FDB71F /* MapTest */,
			);
		};
/* End PBXProject section */

/* Begin PBXResourcesBuildPhase section */
		2B03380621C83D2B00FDB71F /* Resources */ = {
			isa = PBXResourcesBuildPhase;
			buildActionMask = 2147483647;
			files = (
				2B03382621C83F6800FDB71F /* HonoluluLocations.json in Resources */,
				2B03381921C83D2B00FDB71F /* LaunchScreen.storyboard in Resources */,
				2B03381621C83D2B00FDB71F /* Assets.xcassets in Resources */,
				2B03381121C83D2B00FDB71F /* Main.storyboard in Resources */,
				2B03382421C83DC600FDB71F /* PublicArt.json in Resources */,
			);
			runOnlyForDeploymentPostprocessing = 0;
		};
/* End PBXResourcesBuildPhase section */

/* Begin PBXSourcesBuildPhase section */
		2B03380421C83D2B00FDB71F /* Sources */ = {
			isa = PBXSourcesBuildPhase;
			buildActionMask = 2147483647;
			files = (
				2B03381421C83D2B00FDB71F /* MapTest.xcdatamodeld in Sources */,
				2B03382821C83FDC00FDB71F /* Service.swift in Sources */,
				2BE28AE821C9527D004466ED /* ArtAnnotation.swift in Sources */,
				2B03382A21C8402500FDB71F /* ArtLocation.swift in Sources */,
				2B03380E21C83D2B00FDB71F /* ViewController.swift in Sources */,
				2B03380C21C83D2B00FDB71F /* AppDelegate.swift in Sources */,
			);
			runOnlyForDeploymentPostprocessing = 0;
		};
/* End PBXSourcesBuildPhase section */

/* Begin PBXVariantGroup section */
		2B03380F21C83D2B00FDB71F /* Main.storyboard */ = {
			isa = PBXVariantGroup;
			children = (
				2B03381021C83D2B00FDB71F /* Base */,
			);
			name = Main.storyboard;
			sourceTree = "<group>";
		};
		2B03381721C83D2B00FDB71F /* LaunchScreen.storyboard */ = {
			isa = PBXVariantGroup;
			children = (
				2B03381821C83D2B00FDB71F /* Base */,
			);
			name = LaunchScreen.storyboard;
			sourceTree = "<group>";
		};
/* End PBXVariantGroup section */

/* Begin XCBuildConfiguration section */
		2B03381B21C83D2B00FDB71F /* Debug */ = {
			isa = XCBuildConfiguration;
			buildSettings = {
				ALWAYS_SEARCH_USER_PATHS = NO;
				CLANG_ANALYZER_NONNULL = YES;
				CLANG_CXX_LANGUAGE_STANDARD = "gnu++0x";
				CLANG_CXX_LIBRARY = "libc++";
				CLANG_ENABLE_MODULES = YES;
				CLANG_ENABLE_OBJC_ARC = YES;
				CLANG_WARN_BOOL_CONVERSION = YES;
				CLANG_WARN_CONSTANT_CONVERSION = YES;
				CLANG_WARN_DIRECT_OBJC_ISA_USAGE = YES_ERROR;
				CLANG_WARN_DOCUMENTATION_COMMENTS = YES;
				CLANG_WARN_EMPTY_BODY = YES;
				CLANG_WARN_ENUM_CONVERSION = YES;
				CLANG_WARN_INFINITE_RECURSION = YES;
				CLANG_WARN_INT_CONVERSION = YES;
				CLANG_WARN_OBJC_ROOT_CLASS = YES_ERROR;
				CLANG_WARN_SUSPICIOUS_MOVE = YES;
				CLANG_WARN_UNREACHABLE_CODE = YES;
				CLANG_WARN__DUPLICATE_METHOD_MATCH = YES;
				"CODE_SIGN_IDENTITY[sdk=iphoneos*]" = "iPhone Developer";
				COPY_PHASE_STRIP = NO;
				DEBUG_INFORMATION_FORMAT = dwarf;
				ENABLE_STRICT_OBJC_MSGSEND = YES;
				ENABLE_TESTABILITY = YES;
				GCC_C_LANGUAGE_STANDARD = gnu99;
				GCC_DYNAMIC_NO_PIC = NO;
				GCC_NO_COMMON_BLOCKS = YES;
				GCC_OPTIMIZATION_LEVEL = 0;
				GCC_PREPROCESSOR_DEFINITIONS = (
					"DEBUG=1",
					"$(inherited)",
				);
				GCC_WARN_64_TO_32_BIT_CONVERSION = YES;
				GCC_WARN_ABOUT_RETURN_TYPE = YES_ERROR;
				GCC_WARN_UNDECLARED_SELECTOR = YES;
				GCC_WARN_UNINITIALIZED_AUTOS = YES_AGGRESSIVE;
				GCC_WARN_UNUSED_FUNCTION = YES;
				GCC_WARN_UNUSED_VARIABLE = YES;
				IPHONEOS_DEPLOYMENT_TARGET = 10.2;
				MTL_ENABLE_DEBUG_INFO = YES;
				ONLY_ACTIVE_ARCH = YES;
				SDKROOT = iphoneos;
				SWIFT_ACTIVE_COMPILATION_CONDITIONS = DEBUG;
				SWIFT_OPTIMIZATION_LEVEL = "-Onone";
				TARGETED_DEVICE_FAMILY = "1,2";
			};
			name = Debug;
		};
		2B03381C21C83D2B00FDB71F /* Release */ = {
			isa = XCBuildConfiguration;
			buildSettings = {
				ALWAYS_SEARCH_USER_PATHS = NO;
				CLANG_ANALYZER_NONNULL = YES;
				CLANG_CXX_LANGUAGE_STANDARD = "gnu++0x";
				CLANG_CXX_LIBRARY = "libc++";
				CLANG_ENABLE_MODULES = YES;
				CLANG_ENABLE_OBJC_ARC = YES;
				CLANG_WARN_BOOL_CONVERSION = YES;
				CLANG_WARN_CONSTANT_CONVERSION = YES;
				CLANG_WARN_DIRECT_OBJC_ISA_USAGE = YES_ERROR;
				CLANG_WARN_DOCUMENTATION_COMMENTS = YES;
				CLANG_WARN_EMPTY_BODY = YES;
				CLANG_WARN_ENUM_CONVERSION = YES;
				CLANG_WARN_INFINITE_RECURSION = YES;
				CLANG_WARN_INT_CONVERSION = YES;
				CLANG_WARN_OBJC_ROOT_CLASS = YES_ERROR;
				CLANG_WARN_SUSPICIOUS_MOVE = YES;
				CLANG_WARN_UNREACHABLE_CODE = YES;
				CLANG_WARN__DUPLICATE_METHOD_MATCH = YES;
				"CODE_SIGN_IDENTITY[sdk=iphoneos*]" = "iPhone Developer";
				COPY_PHASE_STRIP = NO;
				DEBUG_INFORMATION_FORMAT = "dwarf-with-dsym";
				ENABLE_NS_ASSERTIONS = NO;
				ENABLE_STRICT_OBJC_MSGSEND = YES;
				GCC_C_LANGUAGE_STANDARD = gnu99;
				GCC_NO_COMMON_BLOCKS = YES;
				GCC_WARN_64_TO_32_BIT_CONVERSION = YES;
				GCC_WARN_ABOUT_RETURN_TYPE = YES_ERROR;
				GCC_WARN_UNDECLARED_SELECTOR = YES;
				GCC_WARN_UNINITIALIZED_AUTOS = YES_AGGRESSIVE;
				GCC_WARN_UNUSED_FUNCTION = YES;
				GCC_WARN_UNUSED_VARIABLE = YES;
				IPHONEOS_DEPLOYMENT_TARGET = 10.2;
				MTL_ENABLE_DEBUG_INFO = NO;
				SDKROOT = iphoneos;
				SWIFT_OPTIMIZATION_LEVEL = "-Owholemodule";
				TARGETED_DEVICE_FAMILY = "1,2";
				VALIDATE_PRODUCT = YES;
			};
			name = Release;
		};
		2B03381E21C83D2B00FDB71F /* Debug */ = {
			isa = XCBuildConfiguration;
			buildSettings = {
				ASSETCATALOG_COMPILER_APPICON_NAME = AppIcon;
				INFOPLIST_FILE = MapTest/Info.plist;
				LD_RUNPATH_SEARCH_PATHS = "$(inherited) @executable_path/Frameworks";
				PRODUCT_BUNDLE_IDENTIFIER = DMonaghan.MapTest;
				PRODUCT_NAME = "$(TARGET_NAME)";
				SWIFT_VERSION = 3.0;
			};
			name = Debug;
		};
		2B03381F21C83D2B00FDB71F /* Release */ = {
			isa = XCBuildConfiguration;
			buildSettings = {
				ASSETCATALOG_COMPILER_APPICON_NAME = AppIcon;
				INFOPLIST_FILE = MapTest/Info.plist;
				LD_RUNPATH_SEARCH_PATHS = "$(inherited) @executable_path/Frameworks";
				PRODUCT_BUNDLE_IDENTIFIER = DMonaghan.MapTest;
				PRODUCT_NAME = "$(TARGET_NAME)";
				SWIFT_VERSION = 3.0;
			};
			name = Release;
		};
/* End XCBuildConfiguration section */

/* Begin XCConfigurationList section */
		2B03380321C83D2B00FDB71F /* Build configuration list for PBXProject "MapTest" */ = {
			isa = XCConfigurationList;
			buildConfigurations = (
				2B03381B21C83D2B00FDB71F /* Debug */,
				2B03381C21C83D2B00FDB71F /* Release */,
			);
			defaultConfigurationIsVisible = 0;
			defaultConfigurationName = Release;
		};
		2B03381D21C83D2B00FDB71F /* Build configuration list for PBXNativeTarget "MapTest" */ = {
			isa = XCConfigurationList;
			buildConfigurations = (
				2B03381E21C83D2B00FDB71F /* Debug */,
				2B03381F21C83D2B00FDB71F /* Release */,
			);
			defaultConfigurationIsVisible = 0;
			defaultConfigurationName = Release;
		};
/* End XCConfigurationList section */

/* Begin XCVersionGroup section */
		2B03381221C83D2B00FDB71F /* MapTest.xcdatamodeld */ = {
			isa = XCVersionGroup;
			children = (
				2B03381321C83D2B00FDB71F /* MapTest.xcdatamodel */,
			);
			currentVersion = 2B03381321C83D2B00FDB71F /* MapTest.xcdatamodel */;
			path = MapTest.xcdatamodeld;
			sourceTree = "<group>";
			versionGroupType = wrapper.xcdatamodel;
		};
/* End XCVersionGroup section */
	};
	rootObject = 2B03380021C83D2B00FDB71F /* Project object */;
}
